// !$*UTF8*$!
{
	archiveVersion = 1;
	classes = {
	};
	objectVersion = 55;
	objects = {

/* Begin PBXBuildFile section */
		605152DE28331F6300461FEE /* AppDelegate.swift in Sources */ = {isa = PBXBuildFile; fileRef = 605152DD28331F6300461FEE /* AppDelegate.swift */; };
		605152E028331F6300461FEE /* SceneDelegate.swift in Sources */ = {isa = PBXBuildFile; fileRef = 605152DF28331F6300461FEE /* SceneDelegate.swift */; };
		605152E228331F6300461FEE /* ViewController.swift in Sources */ = {isa = PBXBuildFile; fileRef = 605152E128331F6300461FEE /* ViewController.swift */; };
		605152E528331F6300461FEE /* Main.storyboard in Resources */ = {isa = PBXBuildFile; fileRef = 605152E328331F6300461FEE /* Main.storyboard */; };
		605152E728331F6600461FEE /* Assets.xcassets in Resources */ = {isa = PBXBuildFile; fileRef = 605152E628331F6600461FEE /* Assets.xcassets */; };
		605152EA28331F6600461FEE /* LaunchScreen.storyboard in Resources */ = {isa = PBXBuildFile; fileRef = 605152E828331F6600461FEE /* LaunchScreen.storyboard */; };
		605152F528331F6700461FEE /* OrdinarioTests.swift in Sources */ = {isa = PBXBuildFile; fileRef = 605152F428331F6700461FEE /* OrdinarioTests.swift */; };
		605152FF28331F6700461FEE /* OrdinarioUITests.swift in Sources */ = {isa = PBXBuildFile; fileRef = 605152FE28331F6700461FEE /* OrdinarioUITests.swift */; };
		6051530128331F6700461FEE /* OrdinarioUITestsLaunchTests.swift in Sources */ = {isa = PBXBuildFile; fileRef = 6051530028331F6700461FEE /* OrdinarioUITestsLaunchTests.swift */; };
		D727C8762851AE7B00EB4E3F /* categoriasTableViewCell.swift in Sources */ = {isa = PBXBuildFile; fileRef = D727C8752851AE7B00EB4E3F /* categoriasTableViewCell.swift */; };
		D727C8782851B3E800EB4E3F /* productosTableViewCell.swift in Sources */ = {isa = PBXBuildFile; fileRef = D727C8772851B3E800EB4E3F /* productosTableViewCell.swift */; };
		D75B499E2842D402003E6133 /* Producto.swift in Sources */ = {isa = PBXBuildFile; fileRef = D75B499D2842D402003E6133 /* Producto.swift */; };
		D761A0C728517759009F1FBB /* pedidosTableViewCell.swift in Sources */ = {isa = PBXBuildFile; fileRef = D761A0C628517759009F1FBB /* pedidosTableViewCell.swift */; };
		D761BAE42847A7A900E54672 /* pedidosViewController.swift in Sources */ = {isa = PBXBuildFile; fileRef = D761BAE32847A7A900E54672 /* pedidosViewController.swift */; };
		D761BAE62847AFC900E54672 /* Pedido.swift in Sources */ = {isa = PBXBuildFile; fileRef = D761BAE52847AFC900E54672 /* Pedido.swift */; };
		D761BAE82847C38800E54672 /* finalizarViewController.swift in Sources */ = {isa = PBXBuildFile; fileRef = D761BAE72847C38800E54672 /* finalizarViewController.swift */; };
		D779897C2844372500FA3D38 /* categoriasViewController.swift in Sources */ = {isa = PBXBuildFile; fileRef = D779897B2844372500FA3D38 /* categoriasViewController.swift */; };
		D779897E2844396B00FA3D38 /* productoViewController.swift in Sources */ = {isa = PBXBuildFile; fileRef = D779897D2844396B00FA3D38 /* productoViewController.swift */; };
		D77989802844452600FA3D38 /* loginViewController.swift in Sources */ = {isa = PBXBuildFile; fileRef = D779897F2844452600FA3D38 /* loginViewController.swift */; };
		D7C66EB7284285080040AF7D /* productosViewController.swift in Sources */ = {isa = PBXBuildFile; fileRef = D7C66EB6284285080040AF7D /* productosViewController.swift */; };
		D7C66EB9284293340040AF7D /* Categoria.swift in Sources */ = {isa = PBXBuildFile; fileRef = D7C66EB8284293340040AF7D /* Categoria.swift */; };
		D7E40389284457E00031B60F /* registerViewController.swift in Sources */ = {isa = PBXBuildFile; fileRef = D7E40388284457E00031B60F /* registerViewController.swift */; };
/* End PBXBuildFile section */

/* Begin PBXContainerItemProxy section */
		605152F128331F6700461FEE /* PBXContainerItemProxy */ = {
			isa = PBXContainerItemProxy;
			containerPortal = 605152D228331F6300461FEE /* Project object */;
			proxyType = 1;
			remoteGlobalIDString = 605152D928331F6300461FEE;
			remoteInfo = Ordinario;
		};
		605152FB28331F6700461FEE /* PBXContainerItemProxy */ = {
			isa = PBXContainerItemProxy;
			containerPortal = 605152D228331F6300461FEE /* Project object */;
			proxyType = 1;
			remoteGlobalIDString = 605152D928331F6300461FEE;
			remoteInfo = Ordinario;
		};
/* End PBXContainerItemProxy section */

/* Begin PBXFileReference section */
		605152DA28331F6300461FEE /* Ordinario.app */ = {isa = PBXFileReference; explicitFileType = wrapper.application; includeInIndex = 0; path = Ordinario.app; sourceTree = BUILT_PRODUCTS_DIR; };
		605152DD28331F6300461FEE /* AppDelegate.swift */ = {isa = PBXFileReference; lastKnownFileType = sourcecode.swift; path = AppDelegate.swift; sourceTree = "<group>"; };
		605152DF28331F6300461FEE /* SceneDelegate.swift */ = {isa = PBXFileReference; lastKnownFileType = sourcecode.swift; path = SceneDelegate.swift; sourceTree = "<group>"; };
		605152E128331F6300461FEE /* ViewController.swift */ = {isa = PBXFileReference; lastKnownFileType = sourcecode.swift; path = ViewController.swift; sourceTree = "<group>"; };
		605152E428331F6300461FEE /* Base */ = {isa = PBXFileReference; lastKnownFileType = file.storyboard; name = Base; path = Base.lproj/Main.storyboard; sourceTree = "<group>"; };
		605152E628331F6600461FEE /* Assets.xcassets */ = {isa = PBXFileReference; lastKnownFileType = folder.assetcatalog; path = Assets.xcassets; sourceTree = "<group>"; };
		605152E928331F6600461FEE /* Base */ = {isa = PBXFileReference; lastKnownFileType = file.storyboard; name = Base; path = Base.lproj/LaunchScreen.storyboard; sourceTree = "<group>"; };
		605152EB28331F6600461FEE /* Info.plist */ = {isa = PBXFileReference; lastKnownFileType = text.plist.xml; path = Info.plist; sourceTree = "<group>"; };
		605152F028331F6700461FEE /* OrdinarioTests.xctest */ = {isa = PBXFileReference; explicitFileType = wrapper.cfbundle; includeInIndex = 0; path = OrdinarioTests.xctest; sourceTree = BUILT_PRODUCTS_DIR; };
		605152F428331F6700461FEE /* OrdinarioTests.swift */ = {isa = PBXFileReference; lastKnownFileType = sourcecode.swift; path = OrdinarioTests.swift; sourceTree = "<group>"; };
		605152FA28331F6700461FEE /* OrdinarioUITests.xctest */ = {isa = PBXFileReference; explicitFileType = wrapper.cfbundle; includeInIndex = 0; path = OrdinarioUITests.xctest; sourceTree = BUILT_PRODUCTS_DIR; };
		605152FE28331F6700461FEE /* OrdinarioUITests.swift */ = {isa = PBXFileReference; lastKnownFileType = sourcecode.swift; path = OrdinarioUITests.swift; sourceTree = "<group>"; };
		6051530028331F6700461FEE /* OrdinarioUITestsLaunchTests.swift */ = {isa = PBXFileReference; lastKnownFileType = sourcecode.swift; path = OrdinarioUITestsLaunchTests.swift; sourceTree = "<group>"; };
		D727C8752851AE7B00EB4E3F /* categoriasTableViewCell.swift */ = {isa = PBXFileReference; lastKnownFileType = sourcecode.swift; path = categoriasTableViewCell.swift; sourceTree = "<group>"; };
		D727C8772851B3E800EB4E3F /* productosTableViewCell.swift */ = {isa = PBXFileReference; lastKnownFileType = sourcecode.swift; path = productosTableViewCell.swift; sourceTree = "<group>"; };
		D75B499D2842D402003E6133 /* Producto.swift */ = {isa = PBXFileReference; lastKnownFileType = sourcecode.swift; path = Producto.swift; sourceTree = "<group>"; };
		D761A0C628517759009F1FBB /* pedidosTableViewCell.swift */ = {isa = PBXFileReference; lastKnownFileType = sourcecode.swift; path = pedidosTableViewCell.swift; sourceTree = "<group>"; };
		D761BAE32847A7A900E54672 /* pedidosViewController.swift */ = {isa = PBXFileReference; lastKnownFileType = sourcecode.swift; path = pedidosViewController.swift; sourceTree = "<group>"; };
		D761BAE52847AFC900E54672 /* Pedido.swift */ = {isa = PBXFileReference; lastKnownFileType = sourcecode.swift; path = Pedido.swift; sourceTree = "<group>"; };
		D761BAE72847C38800E54672 /* finalizarViewController.swift */ = {isa = PBXFileReference; lastKnownFileType = sourcecode.swift; path = finalizarViewController.swift; sourceTree = "<group>"; };
		D779897B2844372500FA3D38 /* categoriasViewController.swift */ = {isa = PBXFileReference; lastKnownFileType = sourcecode.swift; path = categoriasViewController.swift; sourceTree = "<group>"; };
		D779897D2844396B00FA3D38 /* productoViewController.swift */ = {isa = PBXFileReference; lastKnownFileType = sourcecode.swift; path = productoViewController.swift; sourceTree = "<group>"; };
		D779897F2844452600FA3D38 /* loginViewController.swift */ = {isa = PBXFileReference; lastKnownFileType = sourcecode.swift; path = loginViewController.swift; sourceTree = "<group>"; };
		D7C66EB6284285080040AF7D /* productosViewController.swift */ = {isa = PBXFileReference; lastKnownFileType = sourcecode.swift; path = productosViewController.swift; sourceTree = "<group>"; };
		D7C66EB8284293340040AF7D /* Categoria.swift */ = {isa = PBXFileReference; lastKnownFileType = sourcecode.swift; path = Categoria.swift; sourceTree = "<group>"; };
		D7E40388284457E00031B60F /* registerViewController.swift */ = {isa = PBXFileReference; lastKnownFileType = sourcecode.swift; path = registerViewController.swift; sourceTree = "<group>"; };
/* End PBXFileReference section */

/* Begin PBXFrameworksBuildPhase section */
		605152D728331F6300461FEE /* Frameworks */ = {
			isa = PBXFrameworksBuildPhase;
			buildActionMask = 2147483647;
			files = (
			);
			runOnlyForDeploymentPostprocessing = 0;
		};
		605152ED28331F6700461FEE /* Frameworks */ = {
			isa = PBXFrameworksBuildPhase;
			buildActionMask = 2147483647;
			files = (
			);
			runOnlyForDeploymentPostprocessing = 0;
		};
		605152F728331F6700461FEE /* Frameworks */ = {
			isa = PBXFrameworksBuildPhase;
			buildActionMask = 2147483647;
			files = (
			);
			runOnlyForDeploymentPostprocessing = 0;
		};
/* End PBXFrameworksBuildPhase section */

/* Begin PBXGroup section */
		605152D128331F6300461FEE = {
			isa = PBXGroup;
			children = (
				D761BAE52847AFC900E54672 /* Pedido.swift */,
				D75B499D2842D402003E6133 /* Producto.swift */,
				D7C66EB8284293340040AF7D /* Categoria.swift */,
				605152DC28331F6300461FEE /* Ordinario */,
				605152F328331F6700461FEE /* OrdinarioTests */,
				605152FD28331F6700461FEE /* OrdinarioUITests */,
				605152DB28331F6300461FEE /* Products */,
			);
			sourceTree = "<group>";
		};
		605152DB28331F6300461FEE /* Products */ = {
			isa = PBXGroup;
			children = (
				605152DA28331F6300461FEE /* Ordinario.app */,
				605152F028331F6700461FEE /* OrdinarioTests.xctest */,
				605152FA28331F6700461FEE /* OrdinarioUITests.xctest */,
			);
			name = Products;
			sourceTree = "<group>";
		};
		605152DC28331F6300461FEE /* Ordinario */ = {
			isa = PBXGroup;
			children = (
				605152DD28331F6300461FEE /* AppDelegate.swift */,
				605152DF28331F6300461FEE /* SceneDelegate.swift */,
				605152E128331F6300461FEE /* ViewController.swift */,
				605152E328331F6300461FEE /* Main.storyboard */,
				605152E628331F6600461FEE /* Assets.xcassets */,
				605152E828331F6600461FEE /* LaunchScreen.storyboard */,
				605152EB28331F6600461FEE /* Info.plist */,
				D7C66EB6284285080040AF7D /* productosViewController.swift */,
				D779897B2844372500FA3D38 /* categoriasViewController.swift */,
				D779897D2844396B00FA3D38 /* productoViewController.swift */,
				D779897F2844452600FA3D38 /* loginViewController.swift */,
				D7E40388284457E00031B60F /* registerViewController.swift */,
				D761BAE32847A7A900E54672 /* pedidosViewController.swift */,
				D761BAE72847C38800E54672 /* finalizarViewController.swift */,
				D761A0C628517759009F1FBB /* pedidosTableViewCell.swift */,
				D727C8752851AE7B00EB4E3F /* categoriasTableViewCell.swift */,
				D727C8772851B3E800EB4E3F /* productosTableViewCell.swift */,
			);
			path = Ordinario;
			sourceTree = "<group>";
		};
		605152F328331F6700461FEE /* OrdinarioTests */ = {
			isa = PBXGroup;
			children = (
				605152F428331F6700461FEE /* OrdinarioTests.swift */,
			);
			path = OrdinarioTests;
			sourceTree = "<group>";
		};
		605152FD28331F6700461FEE /* OrdinarioUITests */ = {
			isa = PBXGroup;
			children = (
				605152FE28331F6700461FEE /* OrdinarioUITests.swift */,
				6051530028331F6700461FEE /* OrdinarioUITestsLaunchTests.swift */,
			);
			path = OrdinarioUITests;
			sourceTree = "<group>";
		};
/* End PBXGroup section */

/* Begin PBXNativeTarget section */
		605152D928331F6300461FEE /* Ordinario */ = {
			isa = PBXNativeTarget;
			buildConfigurationList = 6051530428331F6700461FEE /* Build configuration list for PBXNativeTarget "Ordinario" */;
			buildPhases = (
				605152D628331F6300461FEE /* Sources */,
				605152D728331F6300461FEE /* Frameworks */,
				605152D828331F6300461FEE /* Resources */,
			);
			buildRules = (
			);
			dependencies = (
			);
			name = Ordinario;
			productName = Ordinario;
			productReference = 605152DA28331F6300461FEE /* Ordinario.app */;
			productType = "com.apple.product-type.application";
		};
		605152EF28331F6700461FEE /* OrdinarioTests */ = {
			isa = PBXNativeTarget;
			buildConfigurationList = 6051530728331F6700461FEE /* Build configuration list for PBXNativeTarget "OrdinarioTests" */;
			buildPhases = (
				605152EC28331F6700461FEE /* Sources */,
				605152ED28331F6700461FEE /* Frameworks */,
				605152EE28331F6700461FEE /* Resources */,
			);
			buildRules = (
			);
			dependencies = (
				605152F228331F6700461FEE /* PBXTargetDependency */,
			);
			name = OrdinarioTests;
			productName = OrdinarioTests;
			productReference = 605152F028331F6700461FEE /* OrdinarioTests.xctest */;
			productType = "com.apple.product-type.bundle.unit-test";
		};
		605152F928331F6700461FEE /* OrdinarioUITests */ = {
			isa = PBXNativeTarget;
			buildConfigurationList = 6051530A28331F6700461FEE /* Build configuration list for PBXNativeTarget "OrdinarioUITests" */;
			buildPhases = (
				605152F628331F6700461FEE /* Sources */,
				605152F728331F6700461FEE /* Frameworks */,
				605152F828331F6700461FEE /* Resources */,
			);
			buildRules = (
			);
			dependencies = (
				605152FC28331F6700461FEE /* PBXTargetDependency */,
			);
			name = OrdinarioUITests;
			productName = OrdinarioUITests;
			productReference = 605152FA28331F6700461FEE /* OrdinarioUITests.xctest */;
			productType = "com.apple.product-type.bundle.ui-testing";
		};
/* End PBXNativeTarget section */

/* Begin PBXProject section */
		605152D228331F6300461FEE /* Project object */ = {
			isa = PBXProject;
			attributes = {
				BuildIndependentTargetsInParallel = 1;
				LastSwiftUpdateCheck = 1330;
				LastUpgradeCheck = 1330;
				TargetAttributes = {
					605152D928331F6300461FEE = {
						CreatedOnToolsVersion = 13.3;
					};
					605152EF28331F6700461FEE = {
						CreatedOnToolsVersion = 13.3;
						TestTargetID = 605152D928331F6300461FEE;
					};
					605152F928331F6700461FEE = {
						CreatedOnToolsVersion = 13.3;
						TestTargetID = 605152D928331F6300461FEE;
					};
				};
			};
			buildConfigurationList = 605152D528331F6300461FEE /* Build configuration list for PBXProject "Ordinario" */;
			compatibilityVersion = "Xcode 13.0";
			developmentRegion = en;
			hasScannedForEncodings = 0;
			knownRegions = (
				en,
				Base,
			);
			mainGroup = 605152D128331F6300461FEE;
			productRefGroup = 605152DB28331F6300461FEE /* Products */;
			projectDirPath = "";
			projectRoot = "";
			targets = (
				605152D928331F6300461FEE /* Ordinario */,
				605152EF28331F6700461FEE /* OrdinarioTests */,
				605152F928331F6700461FEE /* OrdinarioUITests */,
			);
		};
/* End PBXProject section */

/* Begin PBXResourcesBuildPhase section */
		605152D828331F6300461FEE /* Resources */ = {
			isa = PBXResourcesBuildPhase;
			buildActionMask = 2147483647;
			files = (
				605152EA28331F6600461FEE /* LaunchScreen.storyboard in Resources */,
				605152E728331F6600461FEE /* Assets.xcassets in Resources */,
				605152E528331F6300461FEE /* Main.storyboard in Resources */,
			);
			runOnlyForDeploymentPostprocessing = 0;
		};
		605152EE28331F6700461FEE /* Resources */ = {
			isa = PBXResourcesBuildPhase;
			buildActionMask = 2147483647;
			files = (
			);
			runOnlyForDeploymentPostprocessing = 0;
		};
		605152F828331F6700461FEE /* Resources */ = {
			isa = PBXResourcesBuildPhase;
			buildActionMask = 2147483647;
			files = (
			);
			runOnlyForDeploymentPostprocessing = 0;
		};
/* End PBXResourcesBuildPhase section */

/* Begin PBXSourcesBuildPhase section */
		605152D628331F6300461FEE /* Sources */ = {
			isa = PBXSourcesBuildPhase;
			buildActionMask = 2147483647;
			files = (
				D761A0C728517759009F1FBB /* pedidosTableViewCell.swift in Sources */,
				D761BAE62847AFC900E54672 /* Pedido.swift in Sources */,
				D7C66EB7284285080040AF7D /* productosViewController.swift in Sources */,
				D727C8762851AE7B00EB4E3F /* categoriasTableViewCell.swift in Sources */,
				605152E228331F6300461FEE /* ViewController.swift in Sources */,
				D779897C2844372500FA3D38 /* categoriasViewController.swift in Sources */,
				D7E40389284457E00031B60F /* registerViewController.swift in Sources */,
				D7C66EB9284293340040AF7D /* Categoria.swift in Sources */,
				605152DE28331F6300461FEE /* AppDelegate.swift in Sources */,
				D761BAE82847C38800E54672 /* finalizarViewController.swift in Sources */,
				D75B499E2842D402003E6133 /* Producto.swift in Sources */,
				D779897E2844396B00FA3D38 /* productoViewController.swift in Sources */,
				605152E028331F6300461FEE /* SceneDelegate.swift in Sources */,
				D727C8782851B3E800EB4E3F /* productosTableViewCell.swift in Sources */,
				D761BAE42847A7A900E54672 /* pedidosViewController.swift in Sources */,
				D77989802844452600FA3D38 /* loginViewController.swift in Sources */,
			);
			runOnlyForDeploymentPostprocessing = 0;
		};
		605152EC28331F6700461FEE /* Sources */ = {
			isa = PBXSourcesBuildPhase;
			buildActionMask = 2147483647;
			files = (
				605152F528331F6700461FEE /* OrdinarioTests.swift in Sources */,
			);
			runOnlyForDeploymentPostprocessing = 0;
		};
		605152F628331F6700461FEE /* Sources */ = {
			isa = PBXSourcesBuildPhase;
			buildActionMask = 2147483647;
			files = (
				6051530128331F6700461FEE /* OrdinarioUITestsLaunchTests.swift in Sources */,
				605152FF28331F6700461FEE /* OrdinarioUITests.swift in Sources */,
			);
			runOnlyForDeploymentPostprocessing = 0;
		};
/* End PBXSourcesBuildPhase section */

/* Begin PBXTargetDependency section */
		605152F228331F6700461FEE /* PBXTargetDependency */ = {
			isa = PBXTargetDependency;
			target = 605152D928331F6300461FEE /* Ordinario */;
			targetProxy = 605152F128331F6700461FEE /* PBXContainerItemProxy */;
		};
		605152FC28331F6700461FEE /* PBXTargetDependency */ = {
			isa = PBXTargetDependency;
			target = 605152D928331F6300461FEE /* Ordinario */;
			targetProxy = 605152FB28331F6700461FEE /* PBXContainerItemProxy */;
		};
/* End PBXTargetDependency section */

/* Begin PBXVariantGroup section */
		605152E328331F6300461FEE /* Main.storyboard */ = {
			isa = PBXVariantGroup;
			children = (
				605152E428331F6300461FEE /* Base */,
			);
			name = Main.storyboard;
			sourceTree = "<group>";
		};
		605152E828331F6600461FEE /* LaunchScreen.storyboard */ = {
			isa = PBXVariantGroup;
			children = (
				605152E928331F6600461FEE /* Base */,
			);
			name = LaunchScreen.storyboard;
			sourceTree = "<group>";
		};
/* End PBXVariantGroup section */

/* Begin XCBuildConfiguration section */
		6051530228331F6700461FEE /* Debug */ = {
			isa = XCBuildConfiguration;
			buildSettings = {
				ALWAYS_SEARCH_USER_PATHS = NO;
				CLANG_ANALYZER_NONNULL = YES;
				CLANG_ANALYZER_NUMBER_OBJECT_CONVERSION = YES_AGGRESSIVE;
				CLANG_CXX_LANGUAGE_STANDARD = "gnu++17";
				CLANG_ENABLE_MODULES = YES;
				CLANG_ENABLE_OBJC_ARC = YES;
				CLANG_ENABLE_OBJC_WEAK = YES;
				CLANG_WARN_BLOCK_CAPTURE_AUTORELEASING = YES;
				CLANG_WARN_BOOL_CONVERSION = YES;
				CLANG_WARN_COMMA = YES;
				CLANG_WARN_CONSTANT_CONVERSION = YES;
				CLANG_WARN_DEPRECATED_OBJC_IMPLEMENTATIONS = YES;
				CLANG_WARN_DIRECT_OBJC_ISA_USAGE = YES_ERROR;
				CLANG_WARN_DOCUMENTATION_COMMENTS = YES;
				CLANG_WARN_EMPTY_BODY = YES;
				CLANG_WARN_ENUM_CONVERSION = YES;
				CLANG_WARN_INFINITE_RECURSION = YES;
				CLANG_WARN_INT_CONVERSION = YES;
				CLANG_WARN_NON_LITERAL_NULL_CONVERSION = YES;
				CLANG_WARN_OBJC_IMPLICIT_RETAIN_SELF = YES;
				CLANG_WARN_OBJC_LITERAL_CONVERSION = YES;
				CLANG_WARN_OBJC_ROOT_CLASS = YES_ERROR;
				CLANG_WARN_QUOTED_INCLUDE_IN_FRAMEWORK_HEADER = YES;
				CLANG_WARN_RANGE_LOOP_ANALYSIS = YES;
				CLANG_WARN_STRICT_PROTOTYPES = YES;
				CLANG_WARN_SUSPICIOUS_MOVE = YES;
				CLANG_WARN_UNGUARDED_AVAILABILITY = YES_AGGRESSIVE;
				CLANG_WARN_UNREACHABLE_CODE = YES;
				CLANG_WARN__DUPLICATE_METHOD_MATCH = YES;
				COPY_PHASE_STRIP = NO;
				DEBUG_INFORMATION_FORMAT = dwarf;
				ENABLE_STRICT_OBJC_MSGSEND = YES;
				ENABLE_TESTABILITY = YES;
				GCC_C_LANGUAGE_STANDARD = gnu11;
				GCC_DYNAMIC_NO_PIC = NO;
				GCC_NO_COMMON_BLOCKS = YES;
				GCC_OPTIMIZATION_LEVEL = 0;
				GCC_PREPROCESSOR_DEFINITIONS = (
					"DEBUG=1",
					"$(inherited)",
				);
				GCC_WARN_64_TO_32_BIT_CONVERSION = YES;
				GCC_WARN_ABOUT_RETURN_TYPE = YES_ERROR;
				GCC_WARN_UNDECLARED_SELECTOR = YES;
				GCC_WARN_UNINITIALIZED_AUTOS = YES_AGGRESSIVE;
				GCC_WARN_UNUSED_FUNCTION = YES;
				GCC_WARN_UNUSED_VARIABLE = YES;
				IPHONEOS_DEPLOYMENT_TARGET = 15.4;
				MTL_ENABLE_DEBUG_INFO = INCLUDE_SOURCE;
				MTL_FAST_MATH = YES;
				ONLY_ACTIVE_ARCH = YES;
				SDKROOT = iphoneos;
				SWIFT_ACTIVE_COMPILATION_CONDITIONS = DEBUG;
				SWIFT_OPTIMIZATION_LEVEL = "-Onone";
			};
			name = Debug;
		};
		6051530328331F6700461FEE /* Release */ = {
			isa = XCBuildConfiguration;
			buildSettings = {
				ALWAYS_SEARCH_USER_PATHS = NO;
				CLANG_ANALYZER_NONNULL = YES;
				CLANG_ANALYZER_NUMBER_OBJECT_CONVERSION = YES_AGGRESSIVE;
				CLANG_CXX_LANGUAGE_STANDARD = "gnu++17";
				CLANG_ENABLE_MODULES = YES;
				CLANG_ENABLE_OBJC_ARC = YES;
				CLANG_ENABLE_OBJC_WEAK = YES;
				CLANG_WARN_BLOCK_CAPTURE_AUTORELEASING = YES;
				CLANG_WARN_BOOL_CONVERSION = YES;
				CLANG_WARN_COMMA = YES;
				CLANG_WARN_CONSTANT_CONVERSION = YES;
				CLANG_WARN_DEPRECATED_OBJC_IMPLEMENTATIONS = YES;
				CLANG_WARN_DIRECT_OBJC_ISA_USAGE = YES_ERROR;
				CLANG_WARN_DOCUMENTATION_COMMENTS = YES;
				CLANG_WARN_EMPTY_BODY = YES;
				CLANG_WARN_ENUM_CONVERSION = YES;
				CLANG_WARN_INFINITE_RECURSION = YES;
				CLANG_WARN_INT_CONVERSION = YES;
				CLANG_WARN_NON_LITERAL_NULL_CONVERSION = YES;
				CLANG_WARN_OBJC_IMPLICIT_RETAIN_SELF = YES;
				CLANG_WARN_OBJC_LITERAL_CONVERSION = YES;
				CLANG_WARN_OBJC_ROOT_CLASS = YES_ERROR;
				CLANG_WARN_QUOTED_INCLUDE_IN_FRAMEWORK_HEADER = YES;
				CLANG_WARN_RANGE_LOOP_ANALYSIS = YES;
				CLANG_WARN_STRICT_PROTOTYPES = YES;
				CLANG_WARN_SUSPICIOUS_MOVE = YES;
				CLANG_WARN_UNGUARDED_AVAILABILITY = YES_AGGRESSIVE;
				CLANG_WARN_UNREACHABLE_CODE = YES;
				CLANG_WARN__DUPLICATE_METHOD_MATCH = YES;
				COPY_PHASE_STRIP = NO;
				DEBUG_INFORMATION_FORMAT = "dwarf-with-dsym";
				ENABLE_NS_ASSERTIONS = NO;
				ENABLE_STRICT_OBJC_MSGSEND = YES;
				GCC_C_LANGUAGE_STANDARD = gnu11;
				GCC_NO_COMMON_BLOCKS = YES;
				GCC_WARN_64_TO_32_BIT_CONVERSION = YES;
				GCC_WARN_ABOUT_RETURN_TYPE = YES_ERROR;
				GCC_WARN_UNDECLARED_SELECTOR = YES;
				GCC_WARN_UNINITIALIZED_AUTOS = YES_AGGRESSIVE;
				GCC_WARN_UNUSED_FUNCTION = YES;
				GCC_WARN_UNUSED_VARIABLE = YES;
				IPHONEOS_DEPLOYMENT_TARGET = 15.4;
				MTL_ENABLE_DEBUG_INFO = NO;
				MTL_FAST_MATH = YES;
				SDKROOT = iphoneos;
				SWIFT_COMPILATION_MODE = wholemodule;
				SWIFT_OPTIMIZATION_LEVEL = "-O";
				VALIDATE_PRODUCT = YES;
			};
			name = Release;
		};
		6051530528331F6700461FEE /* Debug */ = {
			isa = XCBuildConfiguration;
			buildSettings = {
				ASSETCATALOG_COMPILER_APPICON_NAME = AppIcon;
				ASSETCATALOG_COMPILER_GLOBAL_ACCENT_COLOR_NAME = AccentColor;
				CODE_SIGN_STYLE = Automatic;
				CURRENT_PROJECT_VERSION = 1;
				DEVELOPMENT_TEAM = DF5ZH233DN;
				GENERATE_INFOPLIST_FILE = YES;
				INFOPLIST_FILE = Ordinario/Info.plist;
				INFOPLIST_KEY_UIApplicationSupportsIndirectInputEvents = YES;
				INFOPLIST_KEY_UILaunchStoryboardName = LaunchScreen;
				INFOPLIST_KEY_UIMainStoryboardFile = Main;
				INFOPLIST_KEY_UISupportedInterfaceOrientations_iPad = "UIInterfaceOrientationPortrait UIInterfaceOrientationPortraitUpsideDown UIInterfaceOrientationLandscapeLeft UIInterfaceOrientationLandscapeRight";
				INFOPLIST_KEY_UISupportedInterfaceOrientations_iPhone = "UIInterfaceOrientationPortrait UIInterfaceOrientationLandscapeLeft UIInterfaceOrientationLandscapeRight";
				LD_RUNPATH_SEARCH_PATHS = (
					"$(inherited)",
					"@executable_path/Frameworks",
				);
				MARKETING_VERSION = 1.0;
				PRODUCT_BUNDLE_IDENTIFIER = IDTS.Ordinario;
				PRODUCT_NAME = "$(TARGET_NAME)";
				SWIFT_EMIT_LOC_STRINGS = YES;
				SWIFT_VERSION = 5.0;
				TARGETED_DEVICE_FAMILY = "1,2";
			};
			name = Debug;
		};
		6051530628331F6700461FEE /* Release */ = {
			isa = XCBuildConfiguration;
			buildSettings = {
				ASSETCATALOG_COMPILER_APPICON_NAME = AppIcon;
				ASSETCATALOG_COMPILER_GLOBAL_ACCENT_COLOR_NAME = AccentColor;
				CODE_SIGN_STYLE = Automatic;
				CURRENT_PROJECT_VERSION = 1;
				DEVELOPMENT_TEAM = DF5ZH233DN;
				GENERATE_INFOPLIST_FILE = YES;
				INFOPLIST_FILE = Ordinario/Info.plist;
				INFOPLIST_KEY_UIApplicationSupportsIndirectInputEvents = YES;
				INFOPLIST_KEY_UILaunchStoryboardName = LaunchScreen;
				INFOPLIST_KEY_UIMainStoryboardFile = Main;
				INFOPLIST_KEY_UISupportedInterfaceOrientations_iPad = "UIInterfaceOrientationPortrait UIInterfaceOrientationPortraitUpsideDown UIInterfaceOrientationLandscapeLeft UIInterfaceOrientationLandscapeRight";
				INFOPLIST_KEY_UISupportedInterfaceOrientations_iPhone = "UIInterfaceOrientationPortrait UIInterfaceOrientationLandscapeLeft UIInterfaceOrientationLandscapeRight";
				LD_RUNPATH_SEARCH_PATHS = (
					"$(inherited)",
					"@executable_path/Frameworks",
				);
				MARKETING_VERSION = 1.0;
				PRODUCT_BUNDLE_IDENTIFIER = IDTS.Ordinario;
				PRODUCT_NAME = "$(TARGET_NAME)";
				SWIFT_EMIT_LOC_STRINGS = YES;
				SWIFT_VERSION = 5.0;
				TARGETED_DEVICE_FAMILY = "1,2";
			};
			name = Release;
		};
		6051530828331F6700461FEE /* Debug */ = {
			isa = XCBuildConfiguration;
			buildSettings = {
				ALWAYS_EMBED_SWIFT_STANDARD_LIBRARIES = YES;
				BUNDLE_LOADER = "$(TEST_HOST)";
				CODE_SIGN_STYLE = Automatic;
				CURRENT_PROJECT_VERSION = 1;
				DEVELOPMENT_TEAM = DF5ZH233DN;
				GENERATE_INFOPLIST_FILE = YES;
				IPHONEOS_DEPLOYMENT_TARGET = 15.4;
				MARKETING_VERSION = 1.0;
				PRODUCT_BUNDLE_IDENTIFIER = IDTS.OrdinarioTests;
				PRODUCT_NAME = "$(TARGET_NAME)";
				SWIFT_EMIT_LOC_STRINGS = NO;
				SWIFT_VERSION = 5.0;
				TARGETED_DEVICE_FAMILY = "1,2";
				TEST_HOST = "$(BUILT_PRODUCTS_DIR)/Ordinario.app/Ordinario";
			};
			name = Debug;
		};
		6051530928331F6700461FEE /* Release */ = {
			isa = XCBuildConfiguration;
			buildSettings = {
				ALWAYS_EMBED_SWIFT_STANDARD_LIBRARIES = YES;
				BUNDLE_LOADER = "$(TEST_HOST)";
				CODE_SIGN_STYLE = Automatic;
				CURRENT_PROJECT_VERSION = 1;
				DEVELOPMENT_TEAM = DF5ZH233DN;
				GENERATE_INFOPLIST_FILE = YES;
				IPHONEOS_DEPLOYMENT_TARGET = 15.4;
				MARKETING_VERSION = 1.0;
				PRODUCT_BUNDLE_IDENTIFIER = IDTS.OrdinarioTests;
				PRODUCT_NAME = "$(TARGET_NAME)";
				SWIFT_EMIT_LOC_STRINGS = NO;
				SWIFT_VERSION = 5.0;
				TARGETED_DEVICE_FAMILY = "1,2";
				TEST_HOST = "$(BUILT_PRODUCTS_DIR)/Ordinario.app/Ordinario";
			};
			name = Release;
		};
		6051530B28331F6700461FEE /* Debug */ = {
			isa = XCBuildConfiguration;
			buildSettings = {
				ALWAYS_EMBED_SWIFT_STANDARD_LIBRARIES = YES;
				CODE_SIGN_STYLE = Automatic;
				CURRENT_PROJECT_VERSION = 1;
				GENERATE_INFOPLIST_FILE = YES;
				MARKETING_VERSION = 1.0;
				PRODUCT_BUNDLE_IDENTIFIER = IDTS.OrdinarioUITests;
				PRODUCT_NAME = "$(TARGET_NAME)";
				SWIFT_EMIT_LOC_STRINGS = NO;
				SWIFT_VERSION = 5.0;
				TARGETED_DEVICE_FAMILY = "1,2";
				TEST_TARGET_NAME = Ordinario;
			};
			name = Debug;
		};
		6051530C28331F6700461FEE /* Release */ = {
			isa = XCBuildConfiguration;
			buildSettings = {
				ALWAYS_EMBED_SWIFT_STANDARD_LIBRARIES = YES;
				CODE_SIGN_STYLE = Automatic;
				CURRENT_PROJECT_VERSION = 1;
				GENERATE_INFOPLIST_FILE = YES;
				MARKETING_VERSION = 1.0;
				PRODUCT_BUNDLE_IDENTIFIER = IDTS.OrdinarioUITests;
				PRODUCT_NAME = "$(TARGET_NAME)";
				SWIFT_EMIT_LOC_STRINGS = NO;
				SWIFT_VERSION = 5.0;
				TARGETED_DEVICE_FAMILY = "1,2";
				TEST_TARGET_NAME = Ordinario;
			};
			name = Release;
		};
/* End XCBuildConfiguration section */

/* Begin XCConfigurationList section */
		605152D528331F6300461FEE /* Build configuration list for PBXProject "Ordinario" */ = {
			isa = XCConfigurationList;
			buildConfigurations = (
				6051530228331F6700461FEE /* Debug */,
				6051530328331F6700461FEE /* Release */,
			);
			defaultConfigurationIsVisible = 0;
			defaultConfigurationName = Release;
		};
		6051530428331F6700461FEE /* Build configuration list for PBXNativeTarget "Ordinario" */ = {
			isa = XCConfigurationList;
			buildConfigurations = (
				6051530528331F6700461FEE /* Debug */,
				6051530628331F6700461FEE /* Release */,
			);
			defaultConfigurationIsVisible = 0;
			defaultConfigurationName = Release;
		};
		6051530728331F6700461FEE /* Build configuration list for PBXNativeTarget "OrdinarioTests" */ = {
			isa = XCConfigurationList;
			buildConfigurations = (
				6051530828331F6700461FEE /* Debug */,
				6051530928331F6700461FEE /* Release */,
			);
			defaultConfigurationIsVisible = 0;
			defaultConfigurationName = Release;
		};
		6051530A28331F6700461FEE /* Build configuration list for PBXNativeTarget "OrdinarioUITests" */ = {
			isa = XCConfigurationList;
			buildConfigurations = (
				6051530B28331F6700461FEE /* Debug */,
				6051530C28331F6700461FEE /* Release */,
			);
			defaultConfigurationIsVisible = 0;
			defaultConfigurationName = Release;
		};
/* End XCConfigurationList section */
	};
	rootObject = 605152D228331F6300461FEE /* Project object */;
}
